{
  "version": 2,
  "dependencies": {
    "net10.0": {
      "MSTest": {
        "type": "Direct",
        "requested": "[4.0.2, )",
        "resolved": "4.0.2",
        "contentHash": "8kSG2Rad6oFJQvqlw8eubMNFCLsB7dNq/z5wHHWDhibz30ajGBS+td2IzCAfN/1zS+SFOOjO7Wda0VM+qUTeWA==",
        "dependencies": {
          "MSTest.TestAdapter": "4.0.2",
          "MSTest.TestFramework": "4.0.2",
          "Microsoft.NET.Test.Sdk": "18.0.1",
          "Microsoft.Testing.Extensions.CodeCoverage": "18.1.0",
          "Microsoft.Testing.Extensions.TrxReport": "2.0.2"
        }
      },
      "Microsoft.ApplicationInsights": {
        "type": "Transitive",
        "resolved": "2.23.0",
        "contentHash": "nWArUZTdU7iqZLycLKWe0TDms48KKGE6pONH2terYNa8REXiqixrMOkf1sk5DHGMaUTqONU2YkS4SAXBhLStgw=="
      },
      "Microsoft.CodeCoverage": {
        "type": "Transitive",
        "resolved": "18.0.1",
        "contentHash": "O+utSr97NAJowIQT/OVp3Lh9QgW/wALVTP4RG1m2AfFP4IyJmJz0ZBmFJUsRQiAPgq6IRC0t8AAzsiPIsaUDEA=="
      },
      "Microsoft.Data.Sqlite.Core": {
        "type": "Transitive",
        "resolved": "10.0.2",
        "contentHash": "/8ubtRdyED4qyxmL1CAu3UZZUEgc9l0dPCItW5tlOkYlKOb3QNhjGuEeb7uTKAqm8L7kwFOx1fCsndiylrzZAg==",
        "dependencies": {
          "SQLitePCLRaw.core": "2.1.11"
        }
      },
      "Microsoft.DiaSymReader": {
        "type": "Transitive",
        "resolved": "2.0.0",
        "contentHash": "QcZrCETsBJqy/vQpFtJc+jSXQ0K5sucQ6NUFbTNVHD4vfZZOwjZ/3sBzczkC4DityhD3AVO/+K/+9ioLs1AgRA=="
      },
      "Microsoft.EntityFrameworkCore": {
        "type": "Transitive",
        "resolved": "10.0.2",
        "contentHash": "d3+XKbLSHPCu3vwpXECoXcFbvGKmAhEeUmc1xy2czmuPnEF7rZN2HP5ZGMwCMbAKk4B01+nS4HixSMo2Vf/Y9g==",
        "dependencies": {
          "Microsoft.EntityFrameworkCore.Abstractions": "10.0.2",
          "Microsoft.EntityFrameworkCore.Analyzers": "10.0.2",
          "Microsoft.Extensions.Caching.Memory": "10.0.2",
          "Microsoft.Extensions.Logging": "10.0.2"
        }
      },
      "Microsoft.EntityFrameworkCore.Abstractions": {
        "type": "Transitive",
        "resolved": "10.0.2",
        "contentHash": "BzAwIU5mYeOmnKbEXrkwx7feW2V+zUTrK/kRonSib94tjvc0/iRj2a4N6YGXRhTNjaFP3tvCMIDaX1vIFF6dkg=="
      },
      "Microsoft.EntityFrameworkCore.Analyzers": {
        "type": "Transitive",
        "resolved": "10.0.2",
        "contentHash": "5C8aKN2HFhXfLhkrVvQ6yH990nw35pS7HNnwdBc628zIREaKJ4/rkdCXzxOdZo/SnCT3Kg7a/CqnhlzuJhlD4Q=="
      },
      "Microsoft.EntityFrameworkCore.Relational": {
        "type": "Transitive",
        "resolved": "10.0.2",
        "contentHash": "1fUeyNmqDNfMogJ2ut7OKO57/WGjjkHMYeX51SpA3PwP7ftbx8g/Z3fbErD+1q14DILrqJfsszYsYhGssBRfDg==",
        "dependencies": {
          "Microsoft.EntityFrameworkCore": "10.0.2",
          "Microsoft.Extensions.Caching.Memory": "10.0.2",
          "Microsoft.Extensions.Configuration.Abstractions": "10.0.2",
          "Microsoft.Extensions.Logging": "10.0.2"
        }
      },
      "Microsoft.EntityFrameworkCore.Sqlite.Core": {
        "type": "Transitive",
        "resolved": "10.0.2",
        "contentHash": "IAaYGhV7lKXbG7c5G9mMlc1buAiUXME0RbLPrAFdlmtRuCnUaKbjcupJAQJPz2q2VEjwzm1Mx2WprizFVls0QQ==",
        "dependencies": {
          "Microsoft.Data.Sqlite.Core": "10.0.2",
          "Microsoft.EntityFrameworkCore.Relational": "10.0.2",
          "Microsoft.Extensions.Caching.Memory": "10.0.2",
          "Microsoft.Extensions.Configuration.Abstractions": "10.0.2",
          "Microsoft.Extensions.DependencyModel": "10.0.2",
          "Microsoft.Extensions.Logging": "10.0.2",
          "SQLitePCLRaw.core": "2.1.11"
        }
      },
      "Microsoft.Extensions.Caching.Abstractions": {
        "type": "Transitive",
        "resolved": "10.0.2",
        "contentHash": "WIRPDa/qoKHmJhTAPCO/zLu9kRLQ2Fd6HD5tzgdXJ3xGEVXDHP6FvakKJjynwKrVDld8H4G4tcbW53wuC/wxMQ==",
        "dependencies": {
          "Microsoft.Extensions.Primitives": "10.0.2"
        }
      },
      "Microsoft.Extensions.Caching.Memory": {
        "type": "Transitive",
        "resolved": "10.0.2",
        "contentHash": "MkdPYdtsu0Ta4m9Di4XnWVdO9u+wi1LtvisoR1EteIxsXWO/+3iyAPH6RZbw2lBlWZu9lastbl2YsHVIaL9j+g==",
        "dependencies": {
          "Microsoft.Extensions.Caching.Abstractions": "10.0.2",
          "Microsoft.Extensions.DependencyInjection.Abstractions": "10.0.2",
          "Microsoft.Extensions.Logging.Abstractions": "10.0.2",
          "Microsoft.Extensions.Options": "10.0.2",
          "Microsoft.Extensions.Primitives": "10.0.2"
        }
      },
      "Microsoft.Extensions.Configuration.Abstractions": {
        "type": "Transitive",
        "resolved": "10.0.2",
        "contentHash": "KC5PslaTDnTuTvyke0KYAVBYdZ7IVTsU3JhHe69BpEbHLcj1YThP3bIGtZNOkZfast2AuLnul5lk4rZKxAdUGQ==",
        "dependencies": {
          "Microsoft.Extensions.Primitives": "10.0.2"
        }
      },
      "Microsoft.Extensions.DependencyInjection": {
        "type": "Transitive",
        "resolved": "10.0.2",
        "contentHash": "J/Zmp6fY93JbaiZ11ckWvcyxMPjD6XVwIHQXBjryTBgn7O6O20HYg9uVLFcZlNfgH78MnreE/7EH+hjfzn7VyA==",
        "dependencies": {
          "Microsoft.Extensions.DependencyInjection.Abstractions": "10.0.2"
        }
      },
      "Microsoft.Extensions.DependencyInjection.Abstractions": {
        "type": "Transitive",
        "resolved": "10.0.2",
        "contentHash": "zOIurr59+kUf9vNcsUkCvKWZv+fPosUZXURZesYkJCvl0EzTc9F7maAO4Cd2WEV7ZJJ0AZrFQvuH6Npph9wdBw=="
      },
      "Microsoft.Extensions.DependencyModel": {
        "type": "Transitive",
        "resolved": "10.0.2",
        "contentHash": "DHXzj/FKmUDmhzw7AHbMXbNNcgO8Cb9PDbYOUDICjFAdIALy2WbC6pm+dFKiAUNtcYMucZu2iMVw1ef/sdcZFw=="
      },
      "Microsoft.Extensions.Logging": {
        "type": "Transitive",
        "resolved": "10.0.2",
        "contentHash": "a0EWuBs6D3d7XMGroDXm+WsAi5CVVfjOJvyxurzWnuhBN9CO+1qHKcrKV1JK7H/T4ZtHIoVCOX/YyWM8K87qtw==",
        "dependencies": {
          "Microsoft.Extensions.DependencyInjection": "10.0.2",
          "Microsoft.Extensions.Logging.Abstractions": "10.0.2",
          "Microsoft.Extensions.Options": "10.0.2"
        }
      },
      "Microsoft.Extensions.Logging.Abstractions": {
        "type": "Transitive",
        "resolved": "10.0.2",
        "contentHash": "RZkez/JjpnO+MZ6efKkSynN6ZztLpw3WbxNzjLCPBd97wWj1S9ZYPWi0nmT4kWBRa6atHsdM1ydGkUr8GudyDQ==",
        "dependencies": {
          "Microsoft.Extensions.DependencyInjection.Abstractions": "10.0.2"
        }
      },
      "Microsoft.Extensions.Options": {
        "type": "Transitive",
        "resolved": "10.0.2",
        "contentHash": "1De2LJjmxdqopI5AYC5dIhoZQ79AR5ayywxNF1rXrXFtKQfbQOV9+n/IsZBa7qWlr0MqoGpW8+OY2v/57udZOA==",
        "dependencies": {
          "Microsoft.Extensions.DependencyInjection.Abstractions": "10.0.2",
          "Microsoft.Extensions.Primitives": "10.0.2"
        }
      },
      "Microsoft.Extensions.Primitives": {
        "type": "Transitive",
        "resolved": "10.0.2",
        "contentHash": "QmSiO+oLBEooGgB3i0GRXyeYRDHjllqt3k365jwfZlYWhvSHA3UL2NEVV5m8aZa041eIlblo6KMI5txvTMpTwA=="
      },
      "Microsoft.NET.Test.Sdk": {
        "type": "Transitive",
        "resolved": "18.0.1",
        "contentHash": "WNpu6vI2rA0pXY4r7NKxCN16XRWl5uHu6qjuyVLoDo6oYEggIQefrMjkRuibQHm/NslIUNCcKftvoWAN80MSAg==",
        "dependencies": {
          "Microsoft.CodeCoverage": "18.0.1",
          "Microsoft.TestPlatform.TestHost": "18.0.1"
        }
      },
      "Microsoft.Testing.Extensions.CodeCoverage": {
        "type": "Transitive",
        "resolved": "18.1.0",
        "contentHash": "FJUCocHSPSjbeoGE/OojOhVUXwDng3VdNlwqzif9hMS2eFcG0f8RdjLM537aBsjP7zLHvGnWXbnUnc61v/EFCA==",
        "dependencies": {
          "Microsoft.DiaSymReader": "2.0.0",
          "Microsoft.Extensions.DependencyModel": "6.0.2",
          "Microsoft.Testing.Platform": "2.0.0"
        }
      },
      "Microsoft.Testing.Extensions.Telemetry": {
        "type": "Transitive",
        "resolved": "2.0.2",
        "contentHash": "H580BvHyuADoWzlH9zRk5fqVyGucm6mhph+k40CQc9O4ie+Buxa4Pk9Q92BEClqIICqi25J7fuMII9qFYYgKtw==",
        "dependencies": {
          "Microsoft.ApplicationInsights": "2.23.0",
          "Microsoft.Testing.Platform": "2.0.2"
        }
      },
      "Microsoft.Testing.Extensions.TrxReport": {
        "type": "Transitive",
        "resolved": "2.0.2",
        "contentHash": "6Tz2wZTNH/3hiskarOM5X9JaHV0QpIdIvEiLv6BJeJvtPS6AY+S47rg4K+czGSjQTkIgu5kT9SgZOwbfdhDD9Q==",
        "dependencies": {
          "Microsoft.Testing.Extensions.TrxReport.Abstractions": "2.0.2",
          "Microsoft.Testing.Platform": "2.0.2"
        }
      },
      "Microsoft.Testing.Extensions.TrxReport.Abstractions": {
        "type": "Transitive",
        "resolved": "2.0.2",
        "contentHash": "MrHYdPZ1CiyYp5bfjzNSghfVwl/I9osMazcZMAbwZY0BhR32i70YLf4zSXECvU2qt2PvDdrjYpGRgBscFbjDpw==",
        "dependencies": {
          "Microsoft.Testing.Platform": "2.0.2"
        }
      },
      "Microsoft.Testing.Extensions.VSTestBridge": {
        "type": "Transitive",
        "resolved": "2.0.2",
        "contentHash": "6WSUZyv71NmF1bhFWpNht2bskVWL/5Lcu9qxDUnnboYRiujh9w4swn/cPSbVCSGXwyMq9uKRlI9zZ+ReBO8e+Q==",
        "dependencies": {
          "Microsoft.TestPlatform.AdapterUtilities": "18.0.1",
          "Microsoft.TestPlatform.ObjectModel": "18.0.1",
          "Microsoft.Testing.Extensions.Telemetry": "2.0.2",
          "Microsoft.Testing.Extensions.TrxReport.Abstractions": "2.0.2",
          "Microsoft.Testing.Platform": "2.0.2"
        }
      },
      "Microsoft.Testing.Platform": {
        "type": "Transitive",
        "resolved": "2.0.2",
        "contentHash": "43NCOTEENtdc9fmlzX9KHQR14AZEYek5r4jOJlWPhTyV1+aYAQYl4x773nYXU5TKxV6+rMuniJ7wcj9C9qrP1A=="
      },
      "Microsoft.Testing.Platform.MSBuild": {
        "type": "Transitive",
        "resolved": "2.0.2",
        "contentHash": "2zKkQKaUoaKgb/3AekboWOdLMh4upCo1nLWQnjGzp8r9YjiNOZRrzTsJQ3A4U03AcbH0evlIvFDKYSUqmTVuug==",
        "dependencies": {
          "Microsoft.Testing.Platform": "2.0.2"
        }
      },
      "Microsoft.TestPlatform.AdapterUtilities": {
        "type": "Transitive",
        "resolved": "18.0.1",
        "contentHash": "gXIugDKnACB8p93+9dFnMdE7vvs0ZrjjDltdGC4VylbKK7gPegWYASGjryVkIDvFr56Ulx4UDIKsB71qYHJBWg=="
      },
      "Microsoft.TestPlatform.ObjectModel": {
        "type": "Transitive",
        "resolved": "18.0.1",
        "contentHash": "qT/mwMcLF9BieRkzOBPL2qCopl8hQu6A1P7JWAoj/FMu5i9vds/7cjbJ/LLtaiwWevWLAeD5v5wjQJ/l6jvhWQ=="
      },
      "Microsoft.TestPlatform.TestHost": {
        "type": "Transitive",
        "resolved": "18.0.1",
        "contentHash": "uDJKAEjFTaa2wHdWlfo6ektyoh+WD4/Eesrwb4FpBFKsLGehhACVnwwTI4qD3FrIlIEPlxdXg3SyrYRIcO+RRQ==",
        "dependencies": {
          "Microsoft.TestPlatform.ObjectModel": "18.0.1",
          "Newtonsoft.Json": "13.0.3"
        }
      },
      "MSTest.Analyzers": {
        "type": "Transitive",
        "resolved": "4.0.2",
        "contentHash": "83PHm/97WR6XuciUicakLXSPDFubMsphUHxQHgkUfHcF8rOjpnlKSjRazhuvcGeqy2co8ZudUNbTM+u5e5Ujow=="
      },
      "MSTest.TestAdapter": {
        "type": "Transitive",
        "resolved": "4.0.2",
        "contentHash": "AHyUqtL2GUB5Of0LRvYtz1DvNHIP7KBItI1uX4Cfvgv3Vbdc1ZaCGCN2Zac/bz0S8pQpmnf7xn5K4zrL25NERg==",
        "dependencies": {
          "MSTest.TestFramework": "4.0.2",
          "Microsoft.Testing.Extensions.VSTestBridge": "2.0.2",
          "Microsoft.Testing.Platform.MSBuild": "2.0.2"
        }
      },
      "MSTest.TestFramework": {
        "type": "Transitive",
        "resolved": "4.0.2",
        "contentHash": "ANLNvVh13tfi4ou0Xu0bZ5J83brlLufxMVVp1feUm99cWtfEn8i8PH4kskD0HSp1bFl8goZiHoCwd+fu/0L2hA==",
        "dependencies": {
          "MSTest.Analyzers": "4.0.2"
        }
      },
      "Newtonsoft.Json": {
        "type": "Transitive",
        "resolved": "13.0.3",
        "contentHash": "HrC5BXdl00IP9zeV+0Z848QWPAoCr9P3bDEZguI+gkLcBKAOxix/tLEAAHC+UvDNPv4a2d18lOReHMOagPa+zQ=="
      },
      "SQLite": {
        "type": "Transitive",
        "resolved": "3.53.4",
        "contentHash": "KN7jeWqgUPeBRe1FlcpZURzxomuKKEKHmBBQfg+Nx7NkY1LjKhzHvH+3ASkNvhayESE34nMBinL9CV21JfPRJw=="
      },
      "SQLitePCLRaw.config.e_sqlite3": {
        "type": "Transitive",
        "resolved": "3.0.5",
        "contentHash": "aSk8WE5tF2MybESMgtZAEyMVCAWA0nBqOMc48HFoa9UoSdtm3goDXVzNRnefeKIwE6bV9NaNXptn1F9ReMQI0Q==",
        "dependencies": {
          "SQLitePCLRaw.provider.e_sqlite3": "3.0.5"
        }
      },
      "SQLitePCLRaw.core": {
        "type": "Transitive",
        "resolved": "3.0.5",
        "contentHash": "k81AYXXRCw3Zj8rOhyBoCsx/U97KYDFI2CSKr/ijl5BwpsW/hX/4kBiDmerFaoust8nxBwa0IHQFw8MmSHRtnQ=="
      },
      "SQLitePCLRaw.provider.e_sqlite3": {
        "type": "Transitive",
        "resolved": "3.0.5",
        "contentHash": "um8YSWduhhuskTG2bHfZrBqMNQOydfU8pcseT+cu5RivOGyoUbCrGXxgoRNTmRYw2VbMWnEZVVFcneZT/5dsBg==",
        "dependencies": {
          "SQLitePCLRaw.core": "3.0.5"
        }
      },
      "shrinkframe.application": {
        "type": "Project",
        "dependencies": {
          "ShrinkFrame.Domain": "[1.0.0, )"
        }
      },
      "shrinkframe.domain": {
        "type": "Project"
      },
      "shrinkframe.infrastructure": {
        "type": "Project",
        "dependencies": {
          "Microsoft.EntityFrameworkCore.Sqlite": "[10.0.2, )",
          "SQLitePCLRaw.bundle_e_sqlite3": "[3.0.5, )",
          "ShrinkFrame.Application": "[1.0.0, )",
          "ShrinkFrame.Domain": "[1.0.0, )"
        }
      },
      "Microsoft.EntityFrameworkCore.Sqlite": {
        "type": "CentralTransitive",
        "requested": "[10.0.2, )",
        "resolved": "10.0.2",
        "contentHash": "xprEItydc2HDhThghBsuq/2t9UoEhJvzKWE2Mx1+hlJdCZBUoZWmbuua9pZy9vTE+aVVssX261cx5F6nUpKzoA==",
        "dependencies": {
          "Microsoft.EntityFrameworkCore.Sqlite.Core": "10.0.2",
          "Microsoft.Extensions.Caching.Memory": "10.0.2",
          "Microsoft.Extensions.Configuration.Abstractions": "10.0.2",
          "Microsoft.Extensions.DependencyModel": "10.0.2",
          "Microsoft.Extensions.Logging": "10.0.2",
          "SQLitePCLRaw.bundle_e_sqlite3": "2.1.11",
          "SQLitePCLRaw.core": "2.1.11"
        }
      },
      "SQLitePCLRaw.bundle_e_sqlite3": {
        "type": "CentralTransitive",
        "requested": "[3.0.5, )",
        "resolved": "3.0.5",
        "contentHash": "SW8iASIyWMrLzqabUHYQRvALhvD4ylSBsj4PgEVGwc36kQjc9xT5kSV/XQ9rU7nIpBWD+LPyX3Hlw5FzyUzGeQ==",
        "dependencies": {
          "SQLite": "3.53.4",
          "SQLitePCLRaw.config.e_sqlite3": "3.0.5"
        }
      }
    }
  }
}